
Microsoft Visual Studio Solution File, Format Version 12.00
# Visual Studio Version 16
VisualStudioVersion = 16.0.30804.86
MinimumVisualStudioVersion = 10.0.40219.1
Project("{9A19103F-16F7-4668-BE54-9A1E7A4F7556}") = "KampIntro", "KampIntro\KampIntro.csproj", "{3390A1D7-A82B-4FD1-948F-84C388E4C987}"
EndProject
Project("{9A19103F-16F7-4668-BE54-9A1E7A4F7556}") = "Donguler", "Donguler\Donguler.csproj", "{E93C1506-4058-4D9B-A756-233EDD2E2C2E}"
EndProject
Project("{9A19103F-16F7-4668-BE54-9A1E7A4F7556}") = "ClassIntro", "ClassIntro\ClassIntro.csproj", "{DFA77F8C-BCAA-4F9F-BD5C-6F0A9BBE0A22}"
EndProject
Project("{2150E333-8FDC-42A3-9474-1A3956D46DE8}") = "Solution Items", "Solution Items", "{79255611-CA29-4670-BBE8-7734C38377F0}"
	ProjectSection(SolutionItems) = preProject
		.editorconfig = .editorconfig
	EndProjectSection
EndProject
Project("{9A19103F-16F7-4668-BE54-9A1E7A4F7556}") = "Metotlar", "Metotlar\Metotlar.csproj", "{AB05BDEB-2E19-45A8-86AB-5427E51FF77D}"
EndProject
Project("{9A19103F-16F7-4668-BE54-9A1E7A4F7556}") = "Matematik", "Matematik\Matematik.csproj", "{7230B046-6E82-47F0-8942-147C3D08E433}"
EndProject
Project("{9A19103F-16F7-4668-BE54-9A1E7A4F7556}") = "DegerVeReferansTipler", "DegerVeReferansTipler\DegerVeReferansTipler.csproj", "{7212BBE3-3287-448C-834A-27C17B843719}"
EndProject
Project("{9A19103F-16F7-4668-BE54-9A1E7A4F7556}") = "OOP1", "OOP1\OOP1.csproj", "{4387705A-81B0-482E-A18C-98AD523FBB79}"
EndProject
Project("{9A19103F-16F7-4668-BE54-9A1E7A4F7556}") = "Koleksiyonlar", "Koleksiyonlar\Koleksiyonlar.csproj", "{7318597E-28C0-450F-B3DC-3053A3293C2F}"
EndProject
Project("{9A19103F-16F7-4668-BE54-9A1E7A4F7556}") = "GenericsIntro", "GenericsIntro\GenericsIntro.csproj", "{6A8AB73E-369F-4D2F-94F7-D74EADC85060}"
EndProject
Project("{9A19103F-16F7-4668-BE54-9A1E7A4F7556}") = "ClassMetotDemo", "ClassMetotDemo\ClassMetotDemo.csproj", "{34B3AF88-BEB8-48D0-8ED6-E489A2AA7BEF}"
EndProject
Project("{9A19103F-16F7-4668-BE54-9A1E7A4F7556}") = "OOP2", "OOP2\OOP2.csproj", "{06FE48A8-56CF-4CFD-AFD2-ABFA56A1A946}"
EndProject
Project("{9A19103F-16F7-4668-BE54-9A1E7A4F7556}") = "OOP3", "OOP3\OOP3.csproj", "{164655CC-FC92-4248-AB65-60F9E97CD9EF}"
EndProject
Project("{9A19103F-16F7-4668-BE54-9A1E7A4F7556}") = "Ocak20Odev5", "Ocak20Odev5\Ocak20Odev5.csproj", "{A6DD5CD7-6E8B-4D4E-AF0F-B15B12C2EC4F}"
EndProject
Project("{9A19103F-16F7-4668-BE54-9A1E7A4F7556}") = "Odev5", "Odev5\Odev5.csproj", "{8F71FA40-FE60-4436-9538-AF28EEABCFC7}"
EndProject
Global
	GlobalSection(SolutionConfigurationPlatforms) = preSolution
		Debug|Any CPU = Debug|Any CPU
		Debug|x64 = Debug|x64
		Release|Any CPU = Release|Any CPU
		Release|x64 = Release|x64
	EndGlobalSection
	GlobalSection(ProjectConfigurationPlatforms) = postSolution
		{3390A1D7-A82B-4FD1-948F-84C388E4C987}.Debug|Any CPU.ActiveCfg = Debug|Any CPU
		{3390A1D7-A82B-4FD1-948F-84C388E4C987}.Debug|Any CPU.Build.0 = Debug|Any CPU
		{3390A1D7-A82B-4FD1-948F-84C388E4C987}.Debug|x64.ActiveCfg = Debug|Any CPU
		{3390A1D7-A82B-4FD1-948F-84C388E4C987}.Debug|x64.Build.0 = Debug|Any CPU
		{3390A1D7-A82B-4FD1-948F-84C388E4C987}.Release|Any CPU.ActiveCfg = Release|Any CPU
		{3390A1D7-A82B-4FD1-948F-84C388E4C987}.Release|Any CPU.Build.0 = Release|Any CPU
		{3390A1D7-A82B-4FD1-948F-84C388E4C987}.Release|x64.ActiveCfg = Release|Any CPU
		{3390A1D7-A82B-4FD1-948F-84C388E4C987}.Release|x64.Build.0 = Release|Any CPU
		{E93C1506-4058-4D9B-A756-233EDD2E2C2E}.Debug|Any CPU.ActiveCfg = Debug|Any CPU
		{E93C1506-4058-4D9B-A756-233EDD2E2C2E}.Debug|Any CPU.Build.0 = Debug|Any CPU
		{E93C1506-4058-4D9B-A756-233EDD2E2C2E}.Debug|x64.ActiveCfg = Debug|Any CPU
		{E93C1506-4058-4D9B-A756-233EDD2E2C2E}.Debug|x64.Build.0 = Debug|Any CPU
		{E93C1506-4058-4D9B-A756-233EDD2E2C2E}.Release|Any CPU.ActiveCfg = Release|Any CPU
		{E93C1506-4058-4D9B-A756-233EDD2E2C2E}.Release|Any CPU.Build.0 = Release|Any CPU
		{E93C1506-4058-4D9B-A756-233EDD2E2C2E}.Release|x64.ActiveCfg = Release|Any CPU
		{E93C1506-4058-4D9B-A756-233EDD2E2C2E}.Release|x64.Build.0 = Release|Any CPU
		{DFA77F8C-BCAA-4F9F-BD5C-6F0A9BBE0A22}.Debug|Any CPU.ActiveCfg = Debug|Any CPU
		{DFA77F8C-BCAA-4F9F-BD5C-6F0A9BBE0A22}.Debug|Any CPU.Build.0 = Debug|Any CPU
		{DFA77F8C-BCAA-4F9F-BD5C-6F0A9BBE0A22}.Debug|x64.ActiveCfg = Debug|Any CPU
		{DFA77F8C-BCAA-4F9F-BD5C-6F0A9BBE0A22}.Debug|x64.Build.0 = Debug|Any CPU
		{DFA77F8C-BCAA-4F9F-BD5C-6F0A9BBE0A22}.Release|Any CPU.ActiveCfg = Release|Any CPU
		{DFA77F8C-BCAA-4F9F-BD5C-6F0A9BBE0A22}.Release|Any CPU.Build.0 = Release|Any CPU
		{DFA77F8C-BCAA-4F9F-BD5C-6F0A9BBE0A22}.Release|x64.ActiveCfg = Release|Any CPU
		{DFA77F8C-BCAA-4F9F-BD5C-6F0A9BBE0A22}.Release|x64.Build.0 = Release|Any CPU
		{AB05BDEB-2E19-45A8-86AB-5427E51FF77D}.Debug|Any CPU.ActiveCfg = Debug|Any CPU
		{AB05BDEB-2E19-45A8-86AB-5427E51FF77D}.Debug|Any CPU.Build.0 = Debug|Any CPU
		{AB05BDEB-2E19-45A8-86AB-5427E51FF77D}.Debug|x64.ActiveCfg = Debug|Any CPU
		{AB05BDEB-2E19-45A8-86AB-5427E51FF77D}.Debug|x64.Build.0 = Debug|Any CPU
		{AB05BDEB-2E19-45A8-86AB-5427E51FF77D}.Release|Any CPU.ActiveCfg = Release|Any CPU
		{AB05BDEB-2E19-45A8-86AB-5427E51FF77D}.Release|Any CPU.Build.0 = Release|Any CPU
		{AB05BDEB-2E19-45A8-86AB-5427E51FF77D}.Release|x64.ActiveCfg = Release|Any CPU
		{AB05BDEB-2E19-45A8-86AB-5427E51FF77D}.Release|x64.Build.0 = Release|Any CPU
		{7230B046-6E82-47F0-8942-147C3D08E433}.Debug|Any CPU.ActiveCfg = Debug|Any CPU
		{7230B046-6E82-47F0-8942-147C3D08E433}.Debug|Any CPU.Build.0 = Debug|Any CPU
		{7230B046-6E82-47F0-8942-147C3D08E433}.Debug|x64.ActiveCfg = Debug|Any CPU
		{7230B046-6E82-47F0-8942-147C3D08E433}.Debug|x64.Build.0 = Debug|Any CPU
		{7230B046-6E82-47F0-8942-147C3D08E433}.Release|Any CPU.ActiveCfg = Release|Any CPU
		{7230B046-6E82-47F0-8942-147C3D08E433}.Release|Any CPU.Build.0 = Release|Any CPU
		{7230B046-6E82-47F0-8942-147C3D08E433}.Release|x64.ActiveCfg = Release|Any CPU
		{7230B046-6E82-47F0-8942-147C3D08E433}.Release|x64.Build.0 = Release|Any CPU
		{7212BBE3-3287-448C-834A-27C17B843719}.Debug|Any CPU.ActiveCfg = Debug|Any CPU
		{7212BBE3-3287-448C-834A-27C17B843719}.Debug|Any CPU.Build.0 = Debug|Any CPU
		{7212BBE3-3287-448C-834A-27C17B843719}.Debug|x64.ActiveCfg = Debug|Any CPU
		{7212BBE3-3287-448C-834A-27C17B843719}.Debug|x64.Build.0 = Debug|Any CPU
		{7212BBE3-3287-448C-834A-27C17B843719}.Release|Any CPU.ActiveCfg = Release|Any CPU
		{7212BBE3-3287-448C-834A-27C17B843719}.Release|Any CPU.Build.0 = Release|Any CPU
		{7212BBE3-3287-448C-834A-27C17B843719}.Release|x64.ActiveCfg = Release|Any CPU
		{7212BBE3-3287-448C-834A-27C17B843719}.Release|x64.Build.0 = Release|Any CPU
		{4387705A-81B0-482E-A18C-98AD523FBB79}.Debug|Any CPU.ActiveCfg = Debug|Any CPU
		{4387705A-81B0-482E-A18C-98AD523FBB79}.Debug|Any CPU.Build.0 = Debug|Any CPU
		{4387705A-81B0-482E-A18C-98AD523FBB79}.Debug|x64.ActiveCfg = Debug|Any CPU
		{4387705A-81B0-482E-A18C-98AD523FBB79}.Debug|x64.Build.0 = Debug|Any CPU
		{4387705A-81B0-482E-A18C-98AD523FBB79}.Release|Any CPU.ActiveCfg = Release|Any CPU
		{4387705A-81B0-482E-A18C-98AD523FBB79}.Release|Any CPU.Build.0 = Release|Any CPU
		{4387705A-81B0-482E-A18C-98AD523FBB79}.Release|x64.ActiveCfg = Release|Any CPU
		{4387705A-81B0-482E-A18C-98AD523FBB79}.Release|x64.Build.0 = Release|Any CPU
		{7318597E-28C0-450F-B3DC-3053A3293C2F}.Debug|Any CPU.ActiveCfg = Debug|Any CPU
		{7318597E-28C0-450F-B3DC-3053A3293C2F}.Debug|Any CPU.Build.0 = Debug|Any CPU
		{7318597E-28C0-450F-B3DC-3053A3293C2F}.Debug|x64.ActiveCfg = Debug|Any CPU
		{7318597E-28C0-450F-B3DC-3053A3293C2F}.Debug|x64.Build.0 = Debug|Any CPU
		{7318597E-28C0-450F-B3DC-3053A3293C2F}.Release|Any CPU.ActiveCfg = Release|Any CPU
		{7318597E-28C0-450F-B3DC-3053A3293C2F}.Release|Any CPU.Build.0 = Release|Any CPU
		{7318597E-28C0-450F-B3DC-3053A3293C2F}.Release|x64.ActiveCfg = Release|Any CPU
		{7318597E-28C0-450F-B3DC-3053A3293C2F}.Release|x64.Build.0 = Release|Any CPU
		{6A8AB73E-369F-4D2F-94F7-D74EADC85060}.Debug|Any CPU.ActiveCfg = Debug|Any CPU
		{6A8AB73E-369F-4D2F-94F7-D74EADC85060}.Debug|Any CPU.Build.0 = Debug|Any CPU
		{6A8AB73E-369F-4D2F-94F7-D74EADC85060}.Debug|x64.ActiveCfg = Debug|Any CPU
		{6A8AB73E-369F-4D2F-94F7-D74EADC85060}.Debug|x64.Build.0 = Debug|Any CPU
		{6A8AB73E-369F-4D2F-94F7-D74EADC85060}.Release|Any CPU.ActiveCfg = Release|Any CPU
		{6A8AB73E-369F-4D2F-94F7-D74EADC85060}.Release|Any CPU.Build.0 = Release|Any CPU
		{6A8AB73E-369F-4D2F-94F7-D74EADC85060}.Release|x64.ActiveCfg = Release|Any CPU
		{6A8AB73E-369F-4D2F-94F7-D74EADC85060}.Release|x64.Build.0 = Release|Any CPU
		{34B3AF88-BEB8-48D0-8ED6-E489A2AA7BEF}.Debug|Any CPU.ActiveCfg = Debug|Any CPU
		{34B3AF88-BEB8-48D0-8ED6-E489A2AA7BEF}.Debug|Any CPU.Build.0 = Debug|Any CPU
		{34B3AF88-BEB8-48D0-8ED6-E489A2AA7BEF}.Debug|x64.ActiveCfg = Debug|Any CPU
		{34B3AF88-BEB8-48D0-8ED6-E489A2AA7BEF}.Debug|x64.Build.0 = Debug|Any CPU
		{34B3AF88-BEB8-48D0-8ED6-E489A2AA7BEF}.Release|Any CPU.ActiveCfg = Release|Any CPU
		{34B3AF88-BEB8-48D0-8ED6-E489A2AA7BEF}.Release|Any CPU.Build.0 = Release|Any CPU
		{34B3AF88-BEB8-48D0-8ED6-E489A2AA7BEF}.Release|x64.ActiveCfg = Release|Any CPU
		{34B3AF88-BEB8-48D0-8ED6-E489A2AA7BEF}.Release|x64.Build.0 = Release|Any CPU
		{06FE48A8-56CF-4CFD-AFD2-ABFA56A1A946}.Debug|Any CPU.ActiveCfg = Debug|Any CPU
		{06FE48A8-56CF-4CFD-AFD2-ABFA56A1A946}.Debug|Any CPU.Build.0 = Debug|Any CPU
		{06FE48A8-56CF-4CFD-AFD2-ABFA56A1A946}.Debug|x64.ActiveCfg = Debug|Any CPU
		{06FE48A8-56CF-4CFD-AFD2-ABFA56A1A946}.Debug|x64.Build.0 = Debug|Any CPU
		{06FE48A8-56CF-4CFD-AFD2-ABFA56A1A946}.Release|Any CPU.ActiveCfg = Release|Any CPU
		{06FE48A8-56CF-4CFD-AFD2-ABFA56A1A946}.Release|Any CPU.Build.0 = Release|Any CPU
		{06FE48A8-56CF-4CFD-AFD2-ABFA56A1A946}.Release|x64.ActiveCfg = Release|Any CPU
		{06FE48A8-56CF-4CFD-AFD2-ABFA56A1A946}.Release|x64.Build.0 = Release|Any CPU
		{164655CC-FC92-4248-AB65-60F9E97CD9EF}.Debug|Any CPU.ActiveCfg = Debug|Any CPU
		{164655CC-FC92-4248-AB65-60F9E97CD9EF}.Debug|Any CPU.Build.0 = Debug|Any CPU
		{164655CC-FC92-4248-AB65-60F9E97CD9EF}.Debug|x64.ActiveCfg = Debug|Any CPU
		{164655CC-FC92-4248-AB65-60F9E97CD9EF}.Debug|x64.Build.0 = Debug|Any CPU
		{164655CC-FC92-4248-AB65-60F9E97CD9EF}.Release|Any CPU.ActiveCfg = Release|Any CPU
		{164655CC-FC92-4248-AB65-60F9E97CD9EF}.Release|Any CPU.Build.0 = Release|Any CPU
		{164655CC-FC92-4248-AB65-60F9E97CD9EF}.Release|x64.ActiveCfg = Release|Any CPU
		{164655CC-FC92-4248-AB65-60F9E97CD9EF}.Release|x64.Build.0 = Release|Any CPU
		{A6DD5CD7-6E8B-4D4E-AF0F-B15B12C2EC4F}.Debug|Any CPU.ActiveCfg = Debug|Any CPU
		{A6DD5CD7-6E8B-4D4E-AF0F-B15B12C2EC4F}.Debug|Any CPU.Build.0 = Debug|Any CPU
		{A6DD5CD7-6E8B-4D4E-AF0F-B15B12C2EC4F}.Debug|x64.ActiveCfg = Debug|Any CPU
		{A6DD5CD7-6E8B-4D4E-AF0F-B15B12C2EC4F}.Debug|x64.Build.0 = Debug|Any CPU
		{A6DD5CD7-6E8B-4D4E-AF0F-B15B12C2EC4F}.Release|Any CPU.ActiveCfg = Release|Any CPU
		{A6DD5CD7-6E8B-4D4E-AF0F-B15B12C2EC4F}.Release|Any CPU.Build.0 = Release|Any CPU
		{A6DD5CD7-6E8B-4D4E-AF0F-B15B12C2EC4F}.Release|x64.ActiveCfg = Release|Any CPU
		{A6DD5CD7-6E8B-4D4E-AF0F-B15B12C2EC4F}.Release|x64.Build.0 = Release|Any CPU
		{8F71FA40-FE60-4436-9538-AF28EEABCFC7}.Debug|Any CPU.ActiveCfg = Debug|Any CPU
		{8F71FA40-FE60-4436-9538-AF28EEABCFC7}.Debug|Any CPU.Build.0 = Debug|Any CPU
		{8F71FA40-FE60-4436-9538-AF28EEABCFC7}.Debug|x64.ActiveCfg = Debug|Any CPU
		{8F71FA40-FE60-4436-9538-AF28EEABCFC7}.Debug|x64.Build.0 = Debug|Any CPU
		{8F71FA40-FE60-4436-9538-AF28EEABCFC7}.Release|Any CPU.ActiveCfg = Release|Any CPU
		{8F71FA40-FE60-4436-9538-AF28EEABCFC7}.Release|Any CPU.Build.0 = Release|Any CPU
		{8F71FA40-FE60-4436-9538-AF28EEABCFC7}.Release|x64.ActiveCfg = Release|Any CPU
		{8F71FA40-FE60-4436-9538-AF28EEABCFC7}.Release|x64.Build.0 = Release|Any CPU
	EndGlobalSection
	GlobalSection(SolutionProperties) = preSolution
		HideSolutionNode = FALSE
	EndGlobalSection
	GlobalSection(ExtensibilityGlobals) = postSolution
		SolutionGuid = {276BE563-08C9-403C-BBB6-42A3FC83F403}
	EndGlobalSection
EndGlobal
